
Microsoft Visual Studio Solution File, Format Version 12.00
# Visual Studio 2012
Project("{FAE04EC0-301F-11D3-BF4B-00C04F79EFBC}") = "PersonRepository.Interface", "PersonRepository.Interface\PersonRepository.Interface.csproj", "{CBA83617-72DA-4792-879A-E5F0929CE77B}"
EndProject
Project("{2150E333-8FDC-42A3-9474-1A3956D46DE8}") = "Repository", "Repository", "{81F27800-3A0B-43EB-99CD-73A396515B4A}"
EndProject
Project("{2150E333-8FDC-42A3-9474-1A3956D46DE8}") = "Shared", "Shared", "{5228DD55-6EAB-4507-9A45-4E229C033FA9}"
EndProject
Project("{FAE04EC0-301F-11D3-BF4B-00C04F79EFBC}") = "SharedObjects", "SharedObjects\SharedObjects.csproj", "{D376C374-E7AF-43B5-9186-0697B299A9BF}"
EndProject
Project("{FAE04EC0-301F-11D3-BF4B-00C04F79EFBC}") = "PersonRepository.Service", "PersonRepository.Interface\PersonRepository.Service\PersonRepository.Service.csproj", "{5F214407-15B0-4715-8895-775BF164C2B0}"
EndProject
Project("{2150E333-8FDC-42A3-9474-1A3956D46DE8}") = "ViewModels", "ViewModels", "{0B814529-1A1A-4330-B4B3-5BE52C5E768B}"
EndProject
Project("{FAE04EC0-301F-11D3-BF4B-00C04F79EFBC}") = "PersonViewModels", "PersonViewModels\PersonViewModels.csproj", "{725E63E5-22E4-41E8-9613-6A026EE8C376}"
EndProject
Global
	GlobalSection(SolutionConfigurationPlatforms) = preSolution
		Debug|Any CPU = Debug|Any CPU
		Release|Any CPU = Release|Any CPU
	EndGlobalSection
	GlobalSection(ProjectConfigurationPlatforms) = postSolution
		{CBA83617-72DA-4792-879A-E5F0929CE77B}.Debug|Any CPU.ActiveCfg = Debug|Any CPU
		{CBA83617-72DA-4792-879A-E5F0929CE77B}.Debug|Any CPU.Build.0 = Debug|Any CPU
		{CBA83617-72DA-4792-879A-E5F0929CE77B}.Release|Any CPU.ActiveCfg = Release|Any CPU
		{CBA83617-72DA-4792-879A-E5F0929CE77B}.Release|Any CPU.Build.0 = Release|Any CPU
		{D376C374-E7AF-43B5-9186-0697B299A9BF}.Debug|Any CPU.ActiveCfg = Debug|Any CPU
		{D376C374-E7AF-43B5-9186-0697B299A9BF}.Debug|Any CPU.Build.0 = Debug|Any CPU
		{D376C374-E7AF-43B5-9186-0697B299A9BF}.Release|Any CPU.ActiveCfg = Release|Any CPU
		{D376C374-E7AF-43B5-9186-0697B299A9BF}.Release|Any CPU.Build.0 = Release|Any CPU
		{5F214407-15B0-4715-8895-775BF164C2B0}.Debug|Any CPU.ActiveCfg = Debug|Any CPU
		{5F214407-15B0-4715-8895-775BF164C2B0}.Debug|Any CPU.Build.0 = Debug|Any CPU
		{5F214407-15B0-4715-8895-775BF164C2B0}.Release|Any CPU.ActiveCfg = Release|Any CPU
		{5F214407-15B0-4715-8895-775BF164C2B0}.Release|Any CPU.Build.0 = Release|Any CPU
		{725E63E5-22E4-41E8-9613-6A026EE8C376}.Debug|Any CPU.ActiveCfg = Debug|Any CPU
		{725E63E5-22E4-41E8-9613-6A026EE8C376}.Debug|Any CPU.Build.0 = Debug|Any CPU
		{725E63E5-22E4-41E8-9613-6A026EE8C376}.Release|Any CPU.ActiveCfg = Release|Any CPU
		{725E63E5-22E4-41E8-9613-6A026EE8C376}.Release|Any CPU.Build.0 = Release|Any CPU
	EndGlobalSection
	GlobalSection(NestedProjects) = preSolution
		{CBA83617-72DA-4792-879A-E5F0929CE77B} = {81F27800-3A0B-43EB-99CD-73A396515B4A}
		{D376C374-E7AF-43B5-9186-0697B299A9BF} = {5228DD55-6EAB-4507-9A45-4E229C033FA9}
		{5F214407-15B0-4715-8895-775BF164C2B0} = {81F27800-3A0B-43EB-99CD-73A396515B4A}
		{725E63E5-22E4-41E8-9613-6A026EE8C376} = {0B814529-1A1A-4330-B4B3-5BE52C5E768B}
	EndGlobalSection
EndGlobal
